
Microsoft Visual Studio Solution File, Format Version 12.00
# Visual Studio Version 16
VisualStudioVersion = 16.0.30413.136
MinimumVisualStudioVersion = 10.0.40219.1
Project("{FAE04EC0-301F-11D3-BF4B-00C04F79EFBC}") = "Atividade 6", "Atividade 6\Atividade 6.csproj", "{49FDC350-DA84-4598-9B0A-161466AE38C0}"
EndProject
Global
	GlobalSection(SolutionConfigurationPlatforms) = preSolution
		Debug|Any CPU = Debug|Any CPU
		Release|Any CPU = Release|Any CPU
	EndGlobalSection
	GlobalSection(ProjectConfigurationPlatforms) = postSolution
		{49FDC350-DA84-4598-9B0A-161466AE38C0}.Debug|Any CPU.ActiveCfg = Debug|Any CPU
		{49FDC350-DA84-4598-9B0A-161466AE38C0}.Debug|Any CPU.Build.0 = Debug|Any CPU
		{49FDC350-DA84-4598-9B0A-161466AE38C0}.Release|Any CPU.ActiveCfg = Release|Any CPU
		{49FDC350-DA84-4598-9B0A-161466AE38C0}.Release|Any CPU.Build.0 = Release|Any CPU
	EndGlobalSection
	GlobalSection(SolutionProperties) = preSolution
		HideSolutionNode = FALSE
	EndGlobalSection
	GlobalSection(ExtensibilityGlobals) = postSolution
		SolutionGuid = {82A86295-B6DF-4B18-BBC0-9FCD560AF5CE}
	EndGlobalSection
EndGlobal
