
Microsoft Visual Studio Solution File, Format Version 12.00
# Visual Studio Version 16
VisualStudioVersion = 16.0.30413.136
MinimumVisualStudioVersion = 10.0.40219.1
Project("{FAE04EC0-301F-11D3-BF4B-00C04F79EFBC}") = "Atividade 5", "Atividade 5\Atividade 5.csproj", "{023B007C-04F3-42EF-95FD-AC34E47875E2}"
EndProject
Global
	GlobalSection(SolutionConfigurationPlatforms) = preSolution
		Debug|Any CPU = Debug|Any CPU
		Release|Any CPU = Release|Any CPU
	EndGlobalSection
	GlobalSection(ProjectConfigurationPlatforms) = postSolution
		{023B007C-04F3-42EF-95FD-AC34E47875E2}.Debug|Any CPU.ActiveCfg = Debug|Any CPU
		{023B007C-04F3-42EF-95FD-AC34E47875E2}.Debug|Any CPU.Build.0 = Debug|Any CPU
		{023B007C-04F3-42EF-95FD-AC34E47875E2}.Release|Any CPU.ActiveCfg = Release|Any CPU
		{023B007C-04F3-42EF-95FD-AC34E47875E2}.Release|Any CPU.Build.0 = Release|Any CPU
	EndGlobalSection
	GlobalSection(SolutionProperties) = preSolution
		HideSolutionNode = FALSE
	EndGlobalSection
	GlobalSection(ExtensibilityGlobals) = postSolution
		SolutionGuid = {D59F8177-E153-4F90-B2C0-4DAEBEDD9ECF}
	EndGlobalSection
EndGlobal
