
Microsoft Visual Studio Solution File, Format Version 12.00
# Visual Studio Version 16
VisualStudioVersion = 16.0.30413.136
MinimumVisualStudioVersion = 10.0.40219.1
Project("{FAE04EC0-301F-11D3-BF4B-00C04F79EFBC}") = "PCalculadora", "PCalculadora\PCalculadora.csproj", "{A150E3FE-8489-4A3D-B2B8-C968DC5B9FC3}"
EndProject
Global
	GlobalSection(SolutionConfigurationPlatforms) = preSolution
		Debug|Any CPU = Debug|Any CPU
		Release|Any CPU = Release|Any CPU
	EndGlobalSection
	GlobalSection(ProjectConfigurationPlatforms) = postSolution
		{A150E3FE-8489-4A3D-B2B8-C968DC5B9FC3}.Debug|Any CPU.ActiveCfg = Debug|Any CPU
		{A150E3FE-8489-4A3D-B2B8-C968DC5B9FC3}.Debug|Any CPU.Build.0 = Debug|Any CPU
		{A150E3FE-8489-4A3D-B2B8-C968DC5B9FC3}.Release|Any CPU.ActiveCfg = Release|Any CPU
		{A150E3FE-8489-4A3D-B2B8-C968DC5B9FC3}.Release|Any CPU.Build.0 = Release|Any CPU
	EndGlobalSection
	GlobalSection(SolutionProperties) = preSolution
		HideSolutionNode = FALSE
	EndGlobalSection
	GlobalSection(ExtensibilityGlobals) = postSolution
		SolutionGuid = {D10B918D-380D-4E17-9285-75A32C51016E}
	EndGlobalSection
EndGlobal
